// !$*UTF8*$!
{
	archiveVersion = 1;
	classes = {
	};
	objectVersion = 56;
	objects = {

/* Begin PBXBuildFile section */
		4315ACE22C8AA3AB008AB238 /* SpotlightCollectionViewDelegate.swift in Sources */ = {isa = PBXBuildFile; fileRef = 4315ACE12C8AA3AB008AB238 /* SpotlightCollectionViewDelegate.swift */; };
		4315ACE72C8AA568008AB238 /* CashViewModel.swift in Sources */ = {isa = PBXBuildFile; fileRef = 4315ACE62C8AA568008AB238 /* CashViewModel.swift */; };
		4315ACE92C8AAA35008AB238 /* CashBannerView.swift in Sources */ = {isa = PBXBuildFile; fileRef = 4315ACE82C8AAA35008AB238 /* CashBannerView.swift */; };
		4315ACEC2C8AAAD9008AB238 /* CashBannerView+Factory.swift in Sources */ = {isa = PBXBuildFile; fileRef = 4315ACEB2C8AAAD9008AB238 /* CashBannerView+Factory.swift */; };
		4315ACEE2C8AB80F008AB238 /* HomeHeaderView.swift in Sources */ = {isa = PBXBuildFile; fileRef = 4315ACED2C8AB80F008AB238 /* HomeHeaderView.swift */; };
		4315ACF12C8AC319008AB238 /* UIView+Shadow.swift in Sources */ = {isa = PBXBuildFile; fileRef = 4315ACF02C8AC319008AB238 /* UIView+Shadow.swift */; };
		4315ACF82C8AC7C0008AB238 /* ProductViewModel.swift in Sources */ = {isa = PBXBuildFile; fileRef = 4315ACF72C8AC7C0008AB238 /* ProductViewModel.swift */; };
		4315ACFA2C8ACAEB008AB238 /* ProductCollectionView.swift in Sources */ = {isa = PBXBuildFile; fileRef = 4315ACF92C8ACAEB008AB238 /* ProductCollectionView.swift */; };
		4315ACFD2C8ACC19008AB238 /* ProductCollectionView+Factory.swift in Sources */ = {isa = PBXBuildFile; fileRef = 4315ACFC2C8ACC19008AB238 /* ProductCollectionView+Factory.swift */; };
		4315AD012C8ACE23008AB238 /* ProductCollectionViewDelegate.swift in Sources */ = {isa = PBXBuildFile; fileRef = 4315AD002C8ACE23008AB238 /* ProductCollectionViewDelegate.swift */; };
		4315AD032C8ACEED008AB238 /* ProductCollectionViewDataSource.swift in Sources */ = {isa = PBXBuildFile; fileRef = 4315AD022C8ACEED008AB238 /* ProductCollectionViewDataSource.swift */; };
		4315AD052C8ACFC9008AB238 /* ProductCollectionViewCell.swift in Sources */ = {isa = PBXBuildFile; fileRef = 4315AD042C8ACFC9008AB238 /* ProductCollectionViewCell.swift */; };
		432872D52C89FB2100E73EF9 /* Spotlight.swift in Sources */ = {isa = PBXBuildFile; fileRef = 432872D42C89FB2100E73EF9 /* Spotlight.swift */; };
		432872D72C89FB8600E73EF9 /* Product.swift in Sources */ = {isa = PBXBuildFile; fileRef = 432872D62C89FB8600E73EF9 /* Product.swift */; };
		432872D92C89FBB100E73EF9 /* Cash.swift in Sources */ = {isa = PBXBuildFile; fileRef = 432872D82C89FBB100E73EF9 /* Cash.swift */; };
		432872DB2C89FBE300E73EF9 /* Store.swift in Sources */ = {isa = PBXBuildFile; fileRef = 432872DA2C89FBE300E73EF9 /* Store.swift */; };
		432872E02C89FEA700E73EF9 /* StoreError.swift in Sources */ = {isa = PBXBuildFile; fileRef = 432872DF2C89FEA700E73EF9 /* StoreError.swift */; };
		432872E42C8A006C00E73EF9 /* StoreEndpoint.swift in Sources */ = {isa = PBXBuildFile; fileRef = 432872E32C8A006C00E73EF9 /* StoreEndpoint.swift */; };
		432872E62C8A00AA00E73EF9 /* StoreHTTPMethod.swift in Sources */ = {isa = PBXBuildFile; fileRef = 432872E52C8A00AA00E73EF9 /* StoreHTTPMethod.swift */; };
		432872E82C8A018200E73EF9 /* StoreNetworkService.swift in Sources */ = {isa = PBXBuildFile; fileRef = 432872E72C8A018200E73EF9 /* StoreNetworkService.swift */; };
		432872EB2C8A153400E73EF9 /* HomeViewModel.swift in Sources */ = {isa = PBXBuildFile; fileRef = 432872EA2C8A153400E73EF9 /* HomeViewModel.swift */; };
		432872FD2C8A1DC100E73EF9 /* HomeViewModelTests.swift in Sources */ = {isa = PBXBuildFile; fileRef = 432872FC2C8A1DC100E73EF9 /* HomeViewModelTests.swift */; };
		432873002C8A20F300E73EF9 /* Spotlight.swift in Sources */ = {isa = PBXBuildFile; fileRef = 432872FF2C8A20F300E73EF9 /* Spotlight.swift */; };
		432873022C8A213700E73EF9 /* Product.swift in Sources */ = {isa = PBXBuildFile; fileRef = 432873012C8A213700E73EF9 /* Product.swift */; };
		432873042C8A215400E73EF9 /* Cash.swift in Sources */ = {isa = PBXBuildFile; fileRef = 432873032C8A215400E73EF9 /* Cash.swift */; };
		432873062C8A219600E73EF9 /* Store.swift in Sources */ = {isa = PBXBuildFile; fileRef = 432873052C8A219600E73EF9 /* Store.swift */; };
		432873092C8A337A00E73EF9 /* StoreNetworkServiceStub.swift in Sources */ = {isa = PBXBuildFile; fileRef = 432873082C8A337A00E73EF9 /* StoreNetworkServiceStub.swift */; };
		4328730C2C8A34EB00E73EF9 /* HomeViewController.swift in Sources */ = {isa = PBXBuildFile; fileRef = 4328730B2C8A34EB00E73EF9 /* HomeViewController.swift */; };
		4328730F2C8A386500E73EF9 /* SpotlightCollectionView.swift in Sources */ = {isa = PBXBuildFile; fileRef = 4328730E2C8A386500E73EF9 /* SpotlightCollectionView.swift */; };
		432873112C8A432500E73EF9 /* SpotlightCollectionViewCell.swift in Sources */ = {isa = PBXBuildFile; fileRef = 432873102C8A432500E73EF9 /* SpotlightCollectionViewCell.swift */; };
		432873162C8A451B00E73EF9 /* StoreRemoteImage.swift in Sources */ = {isa = PBXBuildFile; fileRef = 432873152C8A451B00E73EF9 /* StoreRemoteImage.swift */; };
		432873182C8A47A800E73EF9 /* StoreNetworkRequestBuilder.swift in Sources */ = {isa = PBXBuildFile; fileRef = 432873172C8A47A800E73EF9 /* StoreNetworkRequestBuilder.swift */; };
		4328731C2C8A4A5D00E73EF9 /* SpotlightViewModel.swift in Sources */ = {isa = PBXBuildFile; fileRef = 4328731B2C8A4A5D00E73EF9 /* SpotlightViewModel.swift */; };
		4328731F2C8A550400E73EF9 /* SpotlightCollectionView+Factory.swift in Sources */ = {isa = PBXBuildFile; fileRef = 4328731E2C8A550400E73EF9 /* SpotlightCollectionView+Factory.swift */; };
		4334A3642C89E860005FE4E7 /* Assets.xcassets in Resources */ = {isa = PBXBuildFile; fileRef = 4334A3632C89E860005FE4E7 /* Assets.xcassets */; };
		4334A36F2C89EB0A005FE4E7 /* AppDelegate.swift in Sources */ = {isa = PBXBuildFile; fileRef = 4334A36E2C89EB0A005FE4E7 /* AppDelegate.swift */; };
		4334A3772C89EE53005FE4E7 /* .swiftlint.yml in Resources */ = {isa = PBXBuildFile; fileRef = 4334A3762C89EE53005FE4E7 /* .swiftlint.yml */; };
		4335BEA52C8AA06A00A12A40 /* SpotlightCollectionViewDataSource.swift in Sources */ = {isa = PBXBuildFile; fileRef = 4335BEA42C8AA06A00A12A40 /* SpotlightCollectionViewDataSource.swift */; };
		4347C7AE2C8BB5E2007F682E /* StoreRemoteImageStub.swift in Sources */ = {isa = PBXBuildFile; fileRef = 4347C7AD2C8BB5E2007F682E /* StoreRemoteImageStub.swift */; };
		4347C7B22C8BB7E5007F682E /* CashViewModelTests.swift in Sources */ = {isa = PBXBuildFile; fileRef = 4347C7B12C8BB7E5007F682E /* CashViewModelTests.swift */; };
		4347C7B42C8BD8DF007F682E /* ProductHeaderCollectionView.swift in Sources */ = {isa = PBXBuildFile; fileRef = 4347C7B32C8BD8DF007F682E /* ProductHeaderCollectionView.swift */; };
		4370042B2C8B8C24007B8D44 /* UIImage+Remote.swift in Sources */ = {isa = PBXBuildFile; fileRef = 4370042A2C8B8C24007B8D44 /* UIImage+Remote.swift */; };
		4370042F2C8B97EE007B8D44 /* SpotlightViewModelTests.swift in Sources */ = {isa = PBXBuildFile; fileRef = 4370042E2C8B97EE007B8D44 /* SpotlightViewModelTests.swift */; };
		43DCAFDD2C8CA59F00652CE9 /* ProductHeaderView.swift in Sources */ = {isa = PBXBuildFile; fileRef = 43DCAFDC2C8CA59F00652CE9 /* ProductHeaderView.swift */; };
/* End PBXBuildFile section */

/* Begin PBXContainerItemProxy section */
		432872F42C8A1D7200E73EF9 /* PBXContainerItemProxy */ = {
			isa = PBXContainerItemProxy;
			containerPortal = 4334A3542C89E85F005FE4E7 /* Project object */;
			proxyType = 1;
			remoteGlobalIDString = 4334A35B2C89E85F005FE4E7;
			remoteInfo = DigioStore;
		};
/* End PBXContainerItemProxy section */

/* Begin PBXFileReference section */
		4315ACE12C8AA3AB008AB238 /* SpotlightCollectionViewDelegate.swift */ = {isa = PBXFileReference; lastKnownFileType = sourcecode.swift; path = SpotlightCollectionViewDelegate.swift; sourceTree = "<group>"; };
		4315ACE62C8AA568008AB238 /* CashViewModel.swift */ = {isa = PBXFileReference; lastKnownFileType = sourcecode.swift; path = CashViewModel.swift; sourceTree = "<group>"; };
		4315ACE82C8AAA35008AB238 /* CashBannerView.swift */ = {isa = PBXFileReference; lastKnownFileType = sourcecode.swift; path = CashBannerView.swift; sourceTree = "<group>"; };
		4315ACEB2C8AAAD9008AB238 /* CashBannerView+Factory.swift */ = {isa = PBXFileReference; lastKnownFileType = sourcecode.swift; path = "CashBannerView+Factory.swift"; sourceTree = "<group>"; };
		4315ACED2C8AB80F008AB238 /* HomeHeaderView.swift */ = {isa = PBXFileReference; lastKnownFileType = sourcecode.swift; path = HomeHeaderView.swift; sourceTree = "<group>"; };
		4315ACF02C8AC319008AB238 /* UIView+Shadow.swift */ = {isa = PBXFileReference; lastKnownFileType = sourcecode.swift; path = "UIView+Shadow.swift"; sourceTree = "<group>"; };
		4315ACF72C8AC7C0008AB238 /* ProductViewModel.swift */ = {isa = PBXFileReference; lastKnownFileType = sourcecode.swift; path = ProductViewModel.swift; sourceTree = "<group>"; };
		4315ACF92C8ACAEB008AB238 /* ProductCollectionView.swift */ = {isa = PBXFileReference; lastKnownFileType = sourcecode.swift; path = ProductCollectionView.swift; sourceTree = "<group>"; };
		4315ACFC2C8ACC19008AB238 /* ProductCollectionView+Factory.swift */ = {isa = PBXFileReference; lastKnownFileType = sourcecode.swift; path = "ProductCollectionView+Factory.swift"; sourceTree = "<group>"; };
		4315AD002C8ACE23008AB238 /* ProductCollectionViewDelegate.swift */ = {isa = PBXFileReference; lastKnownFileType = sourcecode.swift; path = ProductCollectionViewDelegate.swift; sourceTree = "<group>"; };
		4315AD022C8ACEED008AB238 /* ProductCollectionViewDataSource.swift */ = {isa = PBXFileReference; lastKnownFileType = sourcecode.swift; path = ProductCollectionViewDataSource.swift; sourceTree = "<group>"; };
		4315AD042C8ACFC9008AB238 /* ProductCollectionViewCell.swift */ = {isa = PBXFileReference; lastKnownFileType = sourcecode.swift; path = ProductCollectionViewCell.swift; sourceTree = "<group>"; };
		432872D42C89FB2100E73EF9 /* Spotlight.swift */ = {isa = PBXFileReference; lastKnownFileType = sourcecode.swift; path = Spotlight.swift; sourceTree = "<group>"; };
		432872D62C89FB8600E73EF9 /* Product.swift */ = {isa = PBXFileReference; lastKnownFileType = sourcecode.swift; path = Product.swift; sourceTree = "<group>"; };
		432872D82C89FBB100E73EF9 /* Cash.swift */ = {isa = PBXFileReference; lastKnownFileType = sourcecode.swift; path = Cash.swift; sourceTree = "<group>"; };
		432872DA2C89FBE300E73EF9 /* Store.swift */ = {isa = PBXFileReference; lastKnownFileType = sourcecode.swift; path = Store.swift; sourceTree = "<group>"; };
		432872DF2C89FEA700E73EF9 /* StoreError.swift */ = {isa = PBXFileReference; lastKnownFileType = sourcecode.swift; path = StoreError.swift; sourceTree = "<group>"; };
		432872E32C8A006C00E73EF9 /* StoreEndpoint.swift */ = {isa = PBXFileReference; lastKnownFileType = sourcecode.swift; path = StoreEndpoint.swift; sourceTree = "<group>"; };
		432872E52C8A00AA00E73EF9 /* StoreHTTPMethod.swift */ = {isa = PBXFileReference; lastKnownFileType = sourcecode.swift; path = StoreHTTPMethod.swift; sourceTree = "<group>"; };
		432872E72C8A018200E73EF9 /* StoreNetworkService.swift */ = {isa = PBXFileReference; lastKnownFileType = sourcecode.swift; path = StoreNetworkService.swift; sourceTree = "<group>"; };
		432872EA2C8A153400E73EF9 /* HomeViewModel.swift */ = {isa = PBXFileReference; lastKnownFileType = sourcecode.swift; path = HomeViewModel.swift; sourceTree = "<group>"; };
		432872F02C8A1D7200E73EF9 /* DigioStoreTests.xctest */ = {isa = PBXFileReference; explicitFileType = wrapper.cfbundle; includeInIndex = 0; path = DigioStoreTests.xctest; sourceTree = BUILT_PRODUCTS_DIR; };
		432872FC2C8A1DC100E73EF9 /* HomeViewModelTests.swift */ = {isa = PBXFileReference; lastKnownFileType = sourcecode.swift; path = HomeViewModelTests.swift; sourceTree = "<group>"; };
		432872FF2C8A20F300E73EF9 /* Spotlight.swift */ = {isa = PBXFileReference; lastKnownFileType = sourcecode.swift; path = Spotlight.swift; sourceTree = "<group>"; };
		432873012C8A213700E73EF9 /* Product.swift */ = {isa = PBXFileReference; lastKnownFileType = sourcecode.swift; path = Product.swift; sourceTree = "<group>"; };
		432873032C8A215400E73EF9 /* Cash.swift */ = {isa = PBXFileReference; lastKnownFileType = sourcecode.swift; path = Cash.swift; sourceTree = "<group>"; };
		432873052C8A219600E73EF9 /* Store.swift */ = {isa = PBXFileReference; lastKnownFileType = sourcecode.swift; path = Store.swift; sourceTree = "<group>"; };
		432873082C8A337A00E73EF9 /* StoreNetworkServiceStub.swift */ = {isa = PBXFileReference; lastKnownFileType = sourcecode.swift; path = StoreNetworkServiceStub.swift; sourceTree = "<group>"; };
		4328730B2C8A34EB00E73EF9 /* HomeViewController.swift */ = {isa = PBXFileReference; lastKnownFileType = sourcecode.swift; path = HomeViewController.swift; sourceTree = "<group>"; };
		4328730E2C8A386500E73EF9 /* SpotlightCollectionView.swift */ = {isa = PBXFileReference; lastKnownFileType = sourcecode.swift; path = SpotlightCollectionView.swift; sourceTree = "<group>"; };
		432873102C8A432500E73EF9 /* SpotlightCollectionViewCell.swift */ = {isa = PBXFileReference; lastKnownFileType = sourcecode.swift; path = SpotlightCollectionViewCell.swift; sourceTree = "<group>"; };
		432873152C8A451B00E73EF9 /* StoreRemoteImage.swift */ = {isa = PBXFileReference; lastKnownFileType = sourcecode.swift; path = StoreRemoteImage.swift; sourceTree = "<group>"; };
		432873172C8A47A800E73EF9 /* StoreNetworkRequestBuilder.swift */ = {isa = PBXFileReference; lastKnownFileType = sourcecode.swift; path = StoreNetworkRequestBuilder.swift; sourceTree = "<group>"; };
		4328731B2C8A4A5D00E73EF9 /* SpotlightViewModel.swift */ = {isa = PBXFileReference; lastKnownFileType = sourcecode.swift; path = SpotlightViewModel.swift; sourceTree = "<group>"; };
		4328731E2C8A550400E73EF9 /* SpotlightCollectionView+Factory.swift */ = {isa = PBXFileReference; lastKnownFileType = sourcecode.swift; path = "SpotlightCollectionView+Factory.swift"; sourceTree = "<group>"; };
		4334A35C2C89E85F005FE4E7 /* DigioStore.app */ = {isa = PBXFileReference; explicitFileType = wrapper.application; includeInIndex = 0; path = DigioStore.app; sourceTree = BUILT_PRODUCTS_DIR; };
		4334A3632C89E860005FE4E7 /* Assets.xcassets */ = {isa = PBXFileReference; lastKnownFileType = folder.assetcatalog; path = Assets.xcassets; sourceTree = "<group>"; };
		4334A3652C89E860005FE4E7 /* DigioStore.entitlements */ = {isa = PBXFileReference; lastKnownFileType = text.plist.entitlements; path = DigioStore.entitlements; sourceTree = "<group>"; };
		4334A36E2C89EB0A005FE4E7 /* AppDelegate.swift */ = {isa = PBXFileReference; lastKnownFileType = sourcecode.swift; path = AppDelegate.swift; sourceTree = "<group>"; };
		4334A3762C89EE53005FE4E7 /* .swiftlint.yml */ = {isa = PBXFileReference; lastKnownFileType = text.yaml; path = .swiftlint.yml; sourceTree = "<group>"; };
		4335BEA42C8AA06A00A12A40 /* SpotlightCollectionViewDataSource.swift */ = {isa = PBXFileReference; lastKnownFileType = sourcecode.swift; path = SpotlightCollectionViewDataSource.swift; sourceTree = "<group>"; };
		4347C7AD2C8BB5E2007F682E /* StoreRemoteImageStub.swift */ = {isa = PBXFileReference; lastKnownFileType = sourcecode.swift; path = StoreRemoteImageStub.swift; sourceTree = "<group>"; };
		4347C7B12C8BB7E5007F682E /* CashViewModelTests.swift */ = {isa = PBXFileReference; lastKnownFileType = sourcecode.swift; path = CashViewModelTests.swift; sourceTree = "<group>"; };
		4347C7B32C8BD8DF007F682E /* ProductHeaderCollectionView.swift */ = {isa = PBXFileReference; lastKnownFileType = sourcecode.swift; path = ProductHeaderCollectionView.swift; sourceTree = "<group>"; };
		4370042A2C8B8C24007B8D44 /* UIImage+Remote.swift */ = {isa = PBXFileReference; lastKnownFileType = sourcecode.swift; path = "UIImage+Remote.swift"; sourceTree = "<group>"; };
		4370042E2C8B97EE007B8D44 /* SpotlightViewModelTests.swift */ = {isa = PBXFileReference; lastKnownFileType = sourcecode.swift; path = SpotlightViewModelTests.swift; sourceTree = "<group>"; };
		43DCAFDC2C8CA59F00652CE9 /* ProductHeaderView.swift */ = {isa = PBXFileReference; lastKnownFileType = sourcecode.swift; path = ProductHeaderView.swift; sourceTree = "<group>"; };
/* End PBXFileReference section */

/* Begin PBXFrameworksBuildPhase section */
		432872ED2C8A1D7200E73EF9 /* Frameworks */ = {
			isa = PBXFrameworksBuildPhase;
			buildActionMask = 2147483647;
			files = (
			);
			runOnlyForDeploymentPostprocessing = 0;
		};
		4334A3592C89E85F005FE4E7 /* Frameworks */ = {
			isa = PBXFrameworksBuildPhase;
			buildActionMask = 2147483647;
			files = (
			);
			runOnlyForDeploymentPostprocessing = 0;
		};
/* End PBXFrameworksBuildPhase section */

/* Begin PBXGroup section */
		4315ACE02C8AA399008AB238 /* Delegate */ = {
			isa = PBXGroup;
			children = (
				4315ACE12C8AA3AB008AB238 /* SpotlightCollectionViewDelegate.swift */,
			);
			path = Delegate;
			sourceTree = "<group>";
		};
		4315ACE32C8AA518008AB238 /* Cash */ = {
			isa = PBXGroup;
			children = (
				4315ACEA2C8AAAC6008AB238 /* Factory */,
				4315ACE42C8AA540008AB238 /* View */,
				4315ACE52C8AA553008AB238 /* ViewModel */,
			);
			path = Cash;
			sourceTree = "<group>";
		};
		4315ACE42C8AA540008AB238 /* View */ = {
			isa = PBXGroup;
			children = (
				4315ACE82C8AAA35008AB238 /* CashBannerView.swift */,
			);
			path = View;
			sourceTree = "<group>";
		};
		4315ACE52C8AA553008AB238 /* ViewModel */ = {
			isa = PBXGroup;
			children = (
				4315ACE62C8AA568008AB238 /* CashViewModel.swift */,
			);
			path = ViewModel;
			sourceTree = "<group>";
		};
		4315ACEA2C8AAAC6008AB238 /* Factory */ = {
			isa = PBXGroup;
			children = (
				4315ACEB2C8AAAD9008AB238 /* CashBannerView+Factory.swift */,
			);
			path = Factory;
			sourceTree = "<group>";
		};
		4315ACEF2C8AC2E2008AB238 /* Utils */ = {
			isa = PBXGroup;
			children = (
				4315ACF02C8AC319008AB238 /* UIView+Shadow.swift */,
				4370042A2C8B8C24007B8D44 /* UIImage+Remote.swift */,
			);
			path = Utils;
			sourceTree = "<group>";
		};
		4315ACF22C8AC734008AB238 /* Product */ = {
			isa = PBXGroup;
			children = (
				4315ACFF2C8ACDF5008AB238 /* DataSource */,
				4315ACFE2C8ACDEF008AB238 /* Delegate */,
				4315ACFB2C8ACC06008AB238 /* Factory */,
				4315ACF32C8AC75A008AB238 /* View */,
				4315ACF42C8AC762008AB238 /* ViewModel */,
			);
			path = Product;
			sourceTree = "<group>";
		};
		4315ACF32C8AC75A008AB238 /* View */ = {
			isa = PBXGroup;
			children = (
				4315ACF92C8ACAEB008AB238 /* ProductCollectionView.swift */,
				4315AD042C8ACFC9008AB238 /* ProductCollectionViewCell.swift */,
				4347C7B32C8BD8DF007F682E /* ProductHeaderCollectionView.swift */,
				43DCAFDC2C8CA59F00652CE9 /* ProductHeaderView.swift */,
			);
			path = View;
			sourceTree = "<group>";
		};
		4315ACF42C8AC762008AB238 /* ViewModel */ = {
			isa = PBXGroup;
			children = (
				4315ACF72C8AC7C0008AB238 /* ProductViewModel.swift */,
			);
			path = ViewModel;
			sourceTree = "<group>";
		};
		4315ACFB2C8ACC06008AB238 /* Factory */ = {
			isa = PBXGroup;
			children = (
				4315ACFC2C8ACC19008AB238 /* ProductCollectionView+Factory.swift */,
			);
			path = Factory;
			sourceTree = "<group>";
		};
		4315ACFE2C8ACDEF008AB238 /* Delegate */ = {
			isa = PBXGroup;
			children = (
				4315AD002C8ACE23008AB238 /* ProductCollectionViewDelegate.swift */,
			);
			path = Delegate;
			sourceTree = "<group>";
		};
		4315ACFF2C8ACDF5008AB238 /* DataSource */ = {
			isa = PBXGroup;
			children = (
				4315AD022C8ACEED008AB238 /* ProductCollectionViewDataSource.swift */,
			);
			path = DataSource;
			sourceTree = "<group>";
		};
		432872D32C89FB0100E73EF9 /* Model */ = {
			isa = PBXGroup;
			children = (
				432872D42C89FB2100E73EF9 /* Spotlight.swift */,
				432872D62C89FB8600E73EF9 /* Product.swift */,
				432872D82C89FBB100E73EF9 /* Cash.swift */,
				432872DA2C89FBE300E73EF9 /* Store.swift */,
			);
			path = Model;
			sourceTree = "<group>";
		};
		432872DC2C89FCB400E73EF9 /* Scene */ = {
			isa = PBXGroup;
			children = (
				432872DD2C89FCDD00E73EF9 /* Home */,
				432873122C8A437300E73EF9 /* Spotlight */,
				4315ACE32C8AA518008AB238 /* Cash */,
				4315ACF22C8AC734008AB238 /* Product */,
			);
			path = Scene;
			sourceTree = "<group>";
		};
		432872DD2C89FCDD00E73EF9 /* Home */ = {
			isa = PBXGroup;
			children = (
				432873132C8A43ED00E73EF9 /* View */,
				432872E92C8A151C00E73EF9 /* ViewModel */,
			);
			path = Home;
			sourceTree = "<group>";
		};
		432872DE2C89FD2400E73EF9 /* Network */ = {
			isa = PBXGroup;
			children = (
				432872DF2C89FEA700E73EF9 /* StoreError.swift */,
				432872E32C8A006C00E73EF9 /* StoreEndpoint.swift */,
				432872E52C8A00AA00E73EF9 /* StoreHTTPMethod.swift */,
				432872E72C8A018200E73EF9 /* StoreNetworkService.swift */,
				432873152C8A451B00E73EF9 /* StoreRemoteImage.swift */,
				432873172C8A47A800E73EF9 /* StoreNetworkRequestBuilder.swift */,
			);
			path = Network;
			sourceTree = "<group>";
		};
		432872E92C8A151C00E73EF9 /* ViewModel */ = {
			isa = PBXGroup;
			children = (
				432872EA2C8A153400E73EF9 /* HomeViewModel.swift */,
			);
			path = ViewModel;
			sourceTree = "<group>";
		};
		432872F12C8A1D7200E73EF9 /* DigioStoreTests */ = {
			isa = PBXGroup;
			children = (
				432872F92C8A1D7D00E73EF9 /* Scene */,
			);
			path = DigioStoreTests;
			sourceTree = "<group>";
		};
		432872F92C8A1D7D00E73EF9 /* Scene */ = {
			isa = PBXGroup;
			children = (
				4347C7AF2C8BB7B7007F682E /* Cash */,
				4370042C2C8B97B3007B8D44 /* Spotlight */,
				432873072C8A336D00E73EF9 /* Stub */,
				432872FE2C8A20CD00E73EF9 /* Fixtures */,
				432872FA2C8A1D9B00E73EF9 /* Home */,
			);
			path = Scene;
			sourceTree = "<group>";
		};
		432872FA2C8A1D9B00E73EF9 /* Home */ = {
			isa = PBXGroup;
			children = (
				432872FB2C8A1DA200E73EF9 /* ViewModel */,
			);
			path = Home;
			sourceTree = "<group>";
		};
		432872FB2C8A1DA200E73EF9 /* ViewModel */ = {
			isa = PBXGroup;
			children = (
				432872FC2C8A1DC100E73EF9 /* HomeViewModelTests.swift */,
			);
			path = ViewModel;
			sourceTree = "<group>";
		};
		432872FE2C8A20CD00E73EF9 /* Fixtures */ = {
			isa = PBXGroup;
			children = (
				432873052C8A219600E73EF9 /* Store.swift */,
				432872FF2C8A20F300E73EF9 /* Spotlight.swift */,
				432873012C8A213700E73EF9 /* Product.swift */,
				432873032C8A215400E73EF9 /* Cash.swift */,
			);
			path = Fixtures;
			sourceTree = "<group>";
		};
		432873072C8A336D00E73EF9 /* Stub */ = {
			isa = PBXGroup;
			children = (
				432873082C8A337A00E73EF9 /* StoreNetworkServiceStub.swift */,
				4347C7AD2C8BB5E2007F682E /* StoreRemoteImageStub.swift */,
			);
			path = Stub;
			sourceTree = "<group>";
		};
		432873122C8A437300E73EF9 /* Spotlight */ = {
			isa = PBXGroup;
			children = (
				4315ACE02C8AA399008AB238 /* Delegate */,
				4335BEA32C8AA05300A12A40 /* DataSource */,
				4328731D2C8A54F400E73EF9 /* Factory */,
				4328731A2C8A4A4400E73EF9 /* ViewModel */,
				432873192C8A4A3B00E73EF9 /* View */,
			);
			path = Spotlight;
			sourceTree = "<group>";
		};
		432873132C8A43ED00E73EF9 /* View */ = {
			isa = PBXGroup;
			children = (
				4328730B2C8A34EB00E73EF9 /* HomeViewController.swift */,
				4315ACED2C8AB80F008AB238 /* HomeHeaderView.swift */,
			);
			path = View;
			sourceTree = "<group>";
		};
		432873192C8A4A3B00E73EF9 /* View */ = {
			isa = PBXGroup;
			children = (
				4328730E2C8A386500E73EF9 /* SpotlightCollectionView.swift */,
				432873102C8A432500E73EF9 /* SpotlightCollectionViewCell.swift */,
			);
			path = View;
			sourceTree = "<group>";
		};
		4328731A2C8A4A4400E73EF9 /* ViewModel */ = {
			isa = PBXGroup;
			children = (
				4328731B2C8A4A5D00E73EF9 /* SpotlightViewModel.swift */,
			);
			path = ViewModel;
			sourceTree = "<group>";
		};
		4328731D2C8A54F400E73EF9 /* Factory */ = {
			isa = PBXGroup;
			children = (
				4328731E2C8A550400E73EF9 /* SpotlightCollectionView+Factory.swift */,
			);
			path = Factory;
			sourceTree = "<group>";
		};
		4334A3532C89E85F005FE4E7 = {
			isa = PBXGroup;
			children = (
				4334A35E2C89E85F005FE4E7 /* DigioStore */,
				432872F12C8A1D7200E73EF9 /* DigioStoreTests */,
				4334A35D2C89E85F005FE4E7 /* Products */,
			);
			sourceTree = "<group>";
		};
		4334A35D2C89E85F005FE4E7 /* Products */ = {
			isa = PBXGroup;
			children = (
				4334A35C2C89E85F005FE4E7 /* DigioStore.app */,
				432872F02C8A1D7200E73EF9 /* DigioStoreTests.xctest */,
			);
			name = Products;
			sourceTree = "<group>";
		};
		4334A35E2C89E85F005FE4E7 /* DigioStore */ = {
			isa = PBXGroup;
			children = (
				4315ACEF2C8AC2E2008AB238 /* Utils */,
				432872DE2C89FD2400E73EF9 /* Network */,
				432872DC2C89FCB400E73EF9 /* Scene */,
				432872D32C89FB0100E73EF9 /* Model */,
				4334A36E2C89EB0A005FE4E7 /* AppDelegate.swift */,
				4334A3632C89E860005FE4E7 /* Assets.xcassets */,
				4334A3652C89E860005FE4E7 /* DigioStore.entitlements */,
				4334A3762C89EE53005FE4E7 /* .swiftlint.yml */,
			);
			path = DigioStore;
			sourceTree = "<group>";
		};
		4335BEA32C8AA05300A12A40 /* DataSource */ = {
			isa = PBXGroup;
			children = (
				4335BEA42C8AA06A00A12A40 /* SpotlightCollectionViewDataSource.swift */,
			);
			path = DataSource;
			sourceTree = "<group>";
		};
		4347C7AF2C8BB7B7007F682E /* Cash */ = {
			isa = PBXGroup;
			children = (
				4347C7B02C8BB7D3007F682E /* ViewModel */,
			);
			path = Cash;
			sourceTree = "<group>";
		};
		4347C7B02C8BB7D3007F682E /* ViewModel */ = {
			isa = PBXGroup;
			children = (
				4347C7B12C8BB7E5007F682E /* CashViewModelTests.swift */,
			);
			path = ViewModel;
			sourceTree = "<group>";
		};
		4370042C2C8B97B3007B8D44 /* Spotlight */ = {
			isa = PBXGroup;
			children = (
				4370042D2C8B97CF007B8D44 /* ViewModel */,
			);
			path = Spotlight;
			sourceTree = "<group>";
		};
		4370042D2C8B97CF007B8D44 /* ViewModel */ = {
			isa = PBXGroup;
			children = (
				4370042E2C8B97EE007B8D44 /* SpotlightViewModelTests.swift */,
			);
			path = ViewModel;
			sourceTree = "<group>";
		};
/* End PBXGroup section */

/* Begin PBXNativeTarget section */
		432872EF2C8A1D7200E73EF9 /* DigioStoreTests */ = {
			isa = PBXNativeTarget;
			buildConfigurationList = 432872F62C8A1D7200E73EF9 /* Build configuration list for PBXNativeTarget "DigioStoreTests" */;
			buildPhases = (
				432872EC2C8A1D7200E73EF9 /* Sources */,
				432872ED2C8A1D7200E73EF9 /* Frameworks */,
				432872EE2C8A1D7200E73EF9 /* Resources */,
			);
			buildRules = (
			);
			dependencies = (
				432872F52C8A1D7200E73EF9 /* PBXTargetDependency */,
			);
			name = DigioStoreTests;
			productName = DigioStoreTests;
			productReference = 432872F02C8A1D7200E73EF9 /* DigioStoreTests.xctest */;
			productType = "com.apple.product-type.bundle.unit-test";
		};
		4334A35B2C89E85F005FE4E7 /* DigioStore */ = {
			isa = PBXNativeTarget;
			buildConfigurationList = 4334A36B2C89E860005FE4E7 /* Build configuration list for PBXNativeTarget "DigioStore" */;
			buildPhases = (
				4334A3782C89EE9D005FE4E7 /* SwiftLint */,
				4334A3582C89E85F005FE4E7 /* Sources */,
				4334A3592C89E85F005FE4E7 /* Frameworks */,
				4334A35A2C89E85F005FE4E7 /* Resources */,
			);
			buildRules = (
			);
			dependencies = (
			);
			name = DigioStore;
			productName = DigioStore;
			productReference = 4334A35C2C89E85F005FE4E7 /* DigioStore.app */;
			productType = "com.apple.product-type.application";
		};
/* End PBXNativeTarget section */

/* Begin PBXProject section */
		4334A3542C89E85F005FE4E7 /* Project object */ = {
			isa = PBXProject;
			attributes = {
				BuildIndependentTargetsInParallel = 1;
				LastSwiftUpdateCheck = 1500;
				LastUpgradeCheck = 1500;
				TargetAttributes = {
					432872EF2C8A1D7200E73EF9 = {
						CreatedOnToolsVersion = 15.0.1;
						TestTargetID = 4334A35B2C89E85F005FE4E7;
					};
					4334A35B2C89E85F005FE4E7 = {
						CreatedOnToolsVersion = 15.0.1;
						LastSwiftMigration = 1500;
					};
				};
			};
			buildConfigurationList = 4334A3572C89E85F005FE4E7 /* Build configuration list for PBXProject "DigioStore" */;
			compatibilityVersion = "Xcode 14.0";
			developmentRegion = en;
			hasScannedForEncodings = 0;
			knownRegions = (
				en,
				Base,
			);
			mainGroup = 4334A3532C89E85F005FE4E7;
			productRefGroup = 4334A35D2C89E85F005FE4E7 /* Products */;
			projectDirPath = "";
			projectRoot = "";
			targets = (
				4334A35B2C89E85F005FE4E7 /* DigioStore */,
				432872EF2C8A1D7200E73EF9 /* DigioStoreTests */,
			);
		};
/* End PBXProject section */

/* Begin PBXResourcesBuildPhase section */
		432872EE2C8A1D7200E73EF9 /* Resources */ = {
			isa = PBXResourcesBuildPhase;
			buildActionMask = 2147483647;
			files = (
			);
			runOnlyForDeploymentPostprocessing = 0;
		};
		4334A35A2C89E85F005FE4E7 /* Resources */ = {
			isa = PBXResourcesBuildPhase;
			buildActionMask = 2147483647;
			files = (
				4334A3772C89EE53005FE4E7 /* .swiftlint.yml in Resources */,
				4334A3642C89E860005FE4E7 /* Assets.xcassets in Resources */,
			);
			runOnlyForDeploymentPostprocessing = 0;
		};
/* End PBXResourcesBuildPhase section */

/* Begin PBXShellScriptBuildPhase section */
		4334A3782C89EE9D005FE4E7 /* SwiftLint */ = {
			isa = PBXShellScriptBuildPhase;
			alwaysOutOfDate = 1;
			buildActionMask = 12;
			files = (
			);
			inputFileListPaths = (
			);
			inputPaths = (
			);
			name = SwiftLint;
			outputFileListPaths = (
			);
			outputPaths = (
			);
			runOnlyForDeploymentPostprocessing = 0;
			shellPath = /bin/sh;
			shellScript = "if [[ \"$(uname -m)\" == arm64 ]]; then\n    export PATH=\"/opt/homebrew/bin:$PATH\"\nfi\n\nif which swiftlint > /dev/null; then\n  swiftlint\nelse\n  echo \"warning: SwiftLint not installed, download from https://github.com/realm/SwiftLint\"\nfi\n";
			showEnvVarsInLog = 0;
		};
/* End PBXShellScriptBuildPhase section */

/* Begin PBXSourcesBuildPhase section */
		432872EC2C8A1D7200E73EF9 /* Sources */ = {
			isa = PBXSourcesBuildPhase;
			buildActionMask = 2147483647;
			files = (
				432873092C8A337A00E73EF9 /* StoreNetworkServiceStub.swift in Sources */,
				432873002C8A20F300E73EF9 /* Spotlight.swift in Sources */,
				432873022C8A213700E73EF9 /* Product.swift in Sources */,
				432873042C8A215400E73EF9 /* Cash.swift in Sources */,
				4370042F2C8B97EE007B8D44 /* SpotlightViewModelTests.swift in Sources */,
				432873062C8A219600E73EF9 /* Store.swift in Sources */,
				432872FD2C8A1DC100E73EF9 /* HomeViewModelTests.swift in Sources */,
				4347C7B22C8BB7E5007F682E /* CashViewModelTests.swift in Sources */,
				4347C7AE2C8BB5E2007F682E /* StoreRemoteImageStub.swift in Sources */,
			);
			runOnlyForDeploymentPostprocessing = 0;
		};
		4334A3582C89E85F005FE4E7 /* Sources */ = {
			isa = PBXSourcesBuildPhase;
			buildActionMask = 2147483647;
			files = (
				432872D92C89FBB100E73EF9 /* Cash.swift in Sources */,
				432872E82C8A018200E73EF9 /* StoreNetworkService.swift in Sources */,
				432872E02C89FEA700E73EF9 /* StoreError.swift in Sources */,
				432872EB2C8A153400E73EF9 /* HomeViewModel.swift in Sources */,
				432872E42C8A006C00E73EF9 /* StoreEndpoint.swift in Sources */,
				4328730F2C8A386500E73EF9 /* SpotlightCollectionView.swift in Sources */,
				432872D52C89FB2100E73EF9 /* Spotlight.swift in Sources */,
				4347C7B42C8BD8DF007F682E /* ProductHeaderCollectionView.swift in Sources */,
				4334A36F2C89EB0A005FE4E7 /* AppDelegate.swift in Sources */,
				4315AD032C8ACEED008AB238 /* ProductCollectionViewDataSource.swift in Sources */,
				4335BEA52C8AA06A00A12A40 /* SpotlightCollectionViewDataSource.swift in Sources */,
				4328731F2C8A550400E73EF9 /* SpotlightCollectionView+Factory.swift in Sources */,
				4315ACEC2C8AAAD9008AB238 /* CashBannerView+Factory.swift in Sources */,
				4315ACE92C8AAA35008AB238 /* CashBannerView.swift in Sources */,
				4328730C2C8A34EB00E73EF9 /* HomeViewController.swift in Sources */,
				432872D72C89FB8600E73EF9 /* Product.swift in Sources */,
				4315ACFD2C8ACC19008AB238 /* ProductCollectionView+Factory.swift in Sources */,
				432872E62C8A00AA00E73EF9 /* StoreHTTPMethod.swift in Sources */,
				43DCAFDD2C8CA59F00652CE9 /* ProductHeaderView.swift in Sources */,
				4370042B2C8B8C24007B8D44 /* UIImage+Remote.swift in Sources */,
				4315ACE72C8AA568008AB238 /* CashViewModel.swift in Sources */,
				4315ACF12C8AC319008AB238 /* UIView+Shadow.swift in Sources */,
				432873162C8A451B00E73EF9 /* StoreRemoteImage.swift in Sources */,
				432873112C8A432500E73EF9 /* SpotlightCollectionViewCell.swift in Sources */,
				4328731C2C8A4A5D00E73EF9 /* SpotlightViewModel.swift in Sources */,
				4315AD052C8ACFC9008AB238 /* ProductCollectionViewCell.swift in Sources */,
				4315AD012C8ACE23008AB238 /* ProductCollectionViewDelegate.swift in Sources */,
				432872DB2C89FBE300E73EF9 /* Store.swift in Sources */,
				4315ACE22C8AA3AB008AB238 /* SpotlightCollectionViewDelegate.swift in Sources */,
				4315ACEE2C8AB80F008AB238 /* HomeHeaderView.swift in Sources */,
				432873182C8A47A800E73EF9 /* StoreNetworkRequestBuilder.swift in Sources */,
				4315ACFA2C8ACAEB008AB238 /* ProductCollectionView.swift in Sources */,
				4315ACF82C8AC7C0008AB238 /* ProductViewModel.swift in Sources */,
			);
			runOnlyForDeploymentPostprocessing = 0;
		};
/* End PBXSourcesBuildPhase section */

/* Begin PBXTargetDependency section */
		432872F52C8A1D7200E73EF9 /* PBXTargetDependency */ = {
			isa = PBXTargetDependency;
			target = 4334A35B2C89E85F005FE4E7 /* DigioStore */;
			targetProxy = 432872F42C8A1D7200E73EF9 /* PBXContainerItemProxy */;
		};
/* End PBXTargetDependency section */

/* Begin XCBuildConfiguration section */
		432872F72C8A1D7200E73EF9 /* Debug */ = {
			isa = XCBuildConfiguration;
			buildSettings = {
				BUNDLE_LOADER = "$(TEST_HOST)";
				CODE_SIGN_STYLE = Automatic;
				CURRENT_PROJECT_VERSION = 1;
				DEVELOPMENT_TEAM = JA3K44V4L9;
				ENABLE_USER_SCRIPT_SANDBOXING = YES;
				GENERATE_INFOPLIST_FILE = YES;
				IPHONEOS_DEPLOYMENT_TARGET = 12.0;
				MARKETING_VERSION = 1.0;
				PRODUCT_BUNDLE_IDENTIFIER = kilmer.DigioStoreTests;
				PRODUCT_NAME = "$(TARGET_NAME)";
				SDKROOT = iphoneos;
				SWIFT_EMIT_LOC_STRINGS = NO;
				SWIFT_VERSION = 4.2;
				TARGETED_DEVICE_FAMILY = "1,2";
				TEST_HOST = "$(BUILT_PRODUCTS_DIR)/DigioStore.app/$(BUNDLE_EXECUTABLE_FOLDER_PATH)/DigioStore";
			};
			name = Debug;
		};
		432872F82C8A1D7200E73EF9 /* Release */ = {
			isa = XCBuildConfiguration;
			buildSettings = {
				BUNDLE_LOADER = "$(TEST_HOST)";
				CODE_SIGN_STYLE = Automatic;
				CURRENT_PROJECT_VERSION = 1;
				DEVELOPMENT_TEAM = JA3K44V4L9;
				ENABLE_USER_SCRIPT_SANDBOXING = YES;
				GENERATE_INFOPLIST_FILE = YES;
				IPHONEOS_DEPLOYMENT_TARGET = 12.0;
				MARKETING_VERSION = 1.0;
				PRODUCT_BUNDLE_IDENTIFIER = kilmer.DigioStoreTests;
				PRODUCT_NAME = "$(TARGET_NAME)";
				SDKROOT = iphoneos;
				SWIFT_EMIT_LOC_STRINGS = NO;
				SWIFT_VERSION = 4.2;
				TARGETED_DEVICE_FAMILY = "1,2";
				TEST_HOST = "$(BUILT_PRODUCTS_DIR)/DigioStore.app/$(BUNDLE_EXECUTABLE_FOLDER_PATH)/DigioStore";
				VALIDATE_PRODUCT = YES;
			};
			name = Release;
		};
		4334A3692C89E860005FE4E7 /* Debug */ = {
			isa = XCBuildConfiguration;
			buildSettings = {
				ALWAYS_SEARCH_USER_PATHS = NO;
				ASSETCATALOG_COMPILER_GENERATE_SWIFT_ASSET_SYMBOL_EXTENSIONS = YES;
				CLANG_ANALYZER_NONNULL = YES;
				CLANG_ANALYZER_NUMBER_OBJECT_CONVERSION = YES_AGGRESSIVE;
				CLANG_CXX_LANGUAGE_STANDARD = "gnu++20";
				CLANG_ENABLE_MODULES = YES;
				CLANG_ENABLE_OBJC_ARC = YES;
				CLANG_ENABLE_OBJC_WEAK = YES;
				CLANG_WARN_BLOCK_CAPTURE_AUTORELEASING = YES;
				CLANG_WARN_BOOL_CONVERSION = YES;
				CLANG_WARN_COMMA = YES;
				CLANG_WARN_CONSTANT_CONVERSION = YES;
				CLANG_WARN_DEPRECATED_OBJC_IMPLEMENTATIONS = YES;
				CLANG_WARN_DIRECT_OBJC_ISA_USAGE = YES_ERROR;
				CLANG_WARN_DOCUMENTATION_COMMENTS = YES;
				CLANG_WARN_EMPTY_BODY = YES;
				CLANG_WARN_ENUM_CONVERSION = YES;
				CLANG_WARN_INFINITE_RECURSION = YES;
				CLANG_WARN_INT_CONVERSION = YES;
				CLANG_WARN_NON_LITERAL_NULL_CONVERSION = YES;
				CLANG_WARN_OBJC_IMPLICIT_RETAIN_SELF = YES;
				CLANG_WARN_OBJC_LITERAL_CONVERSION = YES;
				CLANG_WARN_OBJC_ROOT_CLASS = YES_ERROR;
				CLANG_WARN_QUOTED_INCLUDE_IN_FRAMEWORK_HEADER = YES;
				CLANG_WARN_RANGE_LOOP_ANALYSIS = YES;
				CLANG_WARN_STRICT_PROTOTYPES = YES;
				CLANG_WARN_SUSPICIOUS_MOVE = YES;
				CLANG_WARN_UNGUARDED_AVAILABILITY = YES_AGGRESSIVE;
				CLANG_WARN_UNREACHABLE_CODE = YES;
				CLANG_WARN__DUPLICATE_METHOD_MATCH = YES;
				COPY_PHASE_STRIP = NO;
				DEBUG_INFORMATION_FORMAT = dwarf;
				ENABLE_STRICT_OBJC_MSGSEND = YES;
				ENABLE_TESTABILITY = YES;
				ENABLE_USER_SCRIPT_SANDBOXING = NO;
				GCC_C_LANGUAGE_STANDARD = gnu17;
				GCC_DYNAMIC_NO_PIC = NO;
				GCC_NO_COMMON_BLOCKS = YES;
				GCC_OPTIMIZATION_LEVEL = 0;
				GCC_PREPROCESSOR_DEFINITIONS = (
					"DEBUG=1",
					"$(inherited)",
				);
				GCC_WARN_64_TO_32_BIT_CONVERSION = YES;
				GCC_WARN_ABOUT_RETURN_TYPE = YES_ERROR;
				GCC_WARN_UNDECLARED_SELECTOR = YES;
				GCC_WARN_UNINITIALIZED_AUTOS = YES_AGGRESSIVE;
				GCC_WARN_UNUSED_FUNCTION = YES;
				GCC_WARN_UNUSED_VARIABLE = YES;
				LOCALIZATION_PREFERS_STRING_CATALOGS = YES;
				MTL_ENABLE_DEBUG_INFO = INCLUDE_SOURCE;
				MTL_FAST_MATH = YES;
				ONLY_ACTIVE_ARCH = YES;
				SWIFT_ACTIVE_COMPILATION_CONDITIONS = "DEBUG $(inherited)";
				SWIFT_OPTIMIZATION_LEVEL = "-Onone";
			};
			name = Debug;
		};
		4334A36A2C89E860005FE4E7 /* Release */ = {
			isa = XCBuildConfiguration;
			buildSettings = {
				ALWAYS_SEARCH_USER_PATHS = NO;
				ASSETCATALOG_COMPILER_GENERATE_SWIFT_ASSET_SYMBOL_EXTENSIONS = YES;
				CLANG_ANALYZER_NONNULL = YES;
				CLANG_ANALYZER_NUMBER_OBJECT_CONVERSION = YES_AGGRESSIVE;
				CLANG_CXX_LANGUAGE_STANDARD = "gnu++20";
				CLANG_ENABLE_MODULES = YES;
				CLANG_ENABLE_OBJC_ARC = YES;
				CLANG_ENABLE_OBJC_WEAK = YES;
				CLANG_WARN_BLOCK_CAPTURE_AUTORELEASING = YES;
				CLANG_WARN_BOOL_CONVERSION = YES;
				CLANG_WARN_COMMA = YES;
				CLANG_WARN_CONSTANT_CONVERSION = YES;
				CLANG_WARN_DEPRECATED_OBJC_IMPLEMENTATIONS = YES;
				CLANG_WARN_DIRECT_OBJC_ISA_USAGE = YES_ERROR;
				CLANG_WARN_DOCUMENTATION_COMMENTS = YES;
				CLANG_WARN_EMPTY_BODY = YES;
				CLANG_WARN_ENUM_CONVERSION = YES;
				CLANG_WARN_INFINITE_RECURSION = YES;
				CLANG_WARN_INT_CONVERSION = YES;
				CLANG_WARN_NON_LITERAL_NULL_CONVERSION = YES;
				CLANG_WARN_OBJC_IMPLICIT_RETAIN_SELF = YES;
				CLANG_WARN_OBJC_LITERAL_CONVERSION = YES;
				CLANG_WARN_OBJC_ROOT_CLASS = YES_ERROR;
				CLANG_WARN_QUOTED_INCLUDE_IN_FRAMEWORK_HEADER = YES;
				CLANG_WARN_RANGE_LOOP_ANALYSIS = YES;
				CLANG_WARN_STRICT_PROTOTYPES = YES;
				CLANG_WARN_SUSPICIOUS_MOVE = YES;
				CLANG_WARN_UNGUARDED_AVAILABILITY = YES_AGGRESSIVE;
				CLANG_WARN_UNREACHABLE_CODE = YES;
				CLANG_WARN__DUPLICATE_METHOD_MATCH = YES;
				COPY_PHASE_STRIP = NO;
				DEBUG_INFORMATION_FORMAT = "dwarf-with-dsym";
				ENABLE_NS_ASSERTIONS = NO;
				ENABLE_STRICT_OBJC_MSGSEND = YES;
				ENABLE_USER_SCRIPT_SANDBOXING = NO;
				GCC_C_LANGUAGE_STANDARD = gnu17;
				GCC_NO_COMMON_BLOCKS = YES;
				GCC_WARN_64_TO_32_BIT_CONVERSION = YES;
				GCC_WARN_ABOUT_RETURN_TYPE = YES_ERROR;
				GCC_WARN_UNDECLARED_SELECTOR = YES;
				GCC_WARN_UNINITIALIZED_AUTOS = YES_AGGRESSIVE;
				GCC_WARN_UNUSED_FUNCTION = YES;
				GCC_WARN_UNUSED_VARIABLE = YES;
				LOCALIZATION_PREFERS_STRING_CATALOGS = YES;
				MTL_ENABLE_DEBUG_INFO = NO;
				MTL_FAST_MATH = YES;
				SWIFT_COMPILATION_MODE = wholemodule;
			};
			name = Release;
		};
		4334A36C2C89E860005FE4E7 /* Debug */ = {
			isa = XCBuildConfiguration;
			buildSettings = {
				ASSETCATALOG_COMPILER_APPICON_NAME = AppIcon;
				ASSETCATALOG_COMPILER_GLOBAL_ACCENT_COLOR_NAME = AccentColor;
				CLANG_ENABLE_MODULES = YES;
				CODE_SIGN_ENTITLEMENTS = DigioStore/DigioStore.entitlements;
				CODE_SIGN_STYLE = Automatic;
				CURRENT_PROJECT_VERSION = 1;
				DEVELOPMENT_ASSET_PATHS = "\"DigioStore/Assets.xcassets\"";
				DEVELOPMENT_TEAM = JA3K44V4L9;
				ENABLE_HARDENED_RUNTIME = YES;
				ENABLE_PREVIEWS = YES;
				GENERATE_INFOPLIST_FILE = YES;
				"INFOPLIST_KEY_UIApplicationSupportsIndirectInputEvents[sdk=iphoneos*]" = YES;
				"INFOPLIST_KEY_UIApplicationSupportsIndirectInputEvents[sdk=iphonesimulator*]" = YES;
				"INFOPLIST_KEY_UILaunchScreen_Generation[sdk=iphoneos*]" = YES;
				"INFOPLIST_KEY_UILaunchScreen_Generation[sdk=iphonesimulator*]" = YES;
				"INFOPLIST_KEY_UIStatusBarStyle[sdk=iphoneos*]" = UIStatusBarStyleDefault;
				"INFOPLIST_KEY_UIStatusBarStyle[sdk=iphonesimulator*]" = UIStatusBarStyleDefault;
				INFOPLIST_KEY_UISupportedInterfaceOrientations_iPad = "UIInterfaceOrientationPortrait UIInterfaceOrientationPortraitUpsideDown UIInterfaceOrientationLandscapeLeft UIInterfaceOrientationLandscapeRight";
				INFOPLIST_KEY_UISupportedInterfaceOrientations_iPhone = "UIInterfaceOrientationPortrait UIInterfaceOrientationLandscapeLeft UIInterfaceOrientationLandscapeRight";
				IPHONEOS_DEPLOYMENT_TARGET = 12.0;
				LD_RUNPATH_SEARCH_PATHS = "@executable_path/Frameworks";
				"LD_RUNPATH_SEARCH_PATHS[sdk=macosx*]" = "@executable_path/../Frameworks";
				MACOSX_DEPLOYMENT_TARGET = 14.0;
				MARKETING_VERSION = 1.0;
				PRODUCT_BUNDLE_IDENTIFIER = kilmer.DigioStore;
				PRODUCT_NAME = "$(TARGET_NAME)";
				SDKROOT = auto;
				SUPPORTED_PLATFORMS = "iphoneos iphonesimulator macosx";
				SWIFT_EMIT_LOC_STRINGS = YES;
				SWIFT_OPTIMIZATION_LEVEL = "-Onone";
				SWIFT_VERSION = 4.2;
				TARGETED_DEVICE_FAMILY = "1,2";
			};
			name = Debug;
		};
		4334A36D2C89E860005FE4E7 /* Release */ = {
			isa = XCBuildConfiguration;
			buildSettings = {
				ASSETCATALOG_COMPILER_APPICON_NAME = AppIcon;
				ASSETCATALOG_COMPILER_GLOBAL_ACCENT_COLOR_NAME = AccentColor;
				CLANG_ENABLE_MODULES = YES;
				CODE_SIGN_ENTITLEMENTS = DigioStore/DigioStore.entitlements;
				CODE_SIGN_STYLE = Automatic;
				CURRENT_PROJECT_VERSION = 1;
				DEVELOPMENT_ASSET_PATHS = "\"DigioStore/Assets.xcassets\"";
				DEVELOPMENT_TEAM = JA3K44V4L9;
				ENABLE_HARDENED_RUNTIME = YES;
				ENABLE_PREVIEWS = YES;
				GENERATE_INFOPLIST_FILE = YES;
				"INFOPLIST_KEY_UIApplicationSupportsIndirectInputEvents[sdk=iphoneos*]" = YES;
				"INFOPLIST_KEY_UIApplicationSupportsIndirectInputEvents[sdk=iphonesimulator*]" = YES;
				"INFOPLIST_KEY_UILaunchScreen_Generation[sdk=iphoneos*]" = YES;
				"INFOPLIST_KEY_UILaunchScreen_Generation[sdk=iphonesimulator*]" = YES;
				"INFOPLIST_KEY_UIStatusBarStyle[sdk=iphoneos*]" = UIStatusBarStyleDefault;
				"INFOPLIST_KEY_UIStatusBarStyle[sdk=iphonesimulator*]" = UIStatusBarStyleDefault;
				INFOPLIST_KEY_UISupportedInterfaceOrientations_iPad = "UIInterfaceOrientationPortrait UIInterfaceOrientationPortraitUpsideDown UIInterfaceOrientationLandscapeLeft UIInterfaceOrientationLandscapeRight";
				INFOPLIST_KEY_UISupportedInterfaceOrientations_iPhone = "UIInterfaceOrientationPortrait UIInterfaceOrientationLandscapeLeft UIInterfaceOrientationLandscapeRight";
				IPHONEOS_DEPLOYMENT_TARGET = 12.0;
				LD_RUNPATH_SEARCH_PATHS = "@executable_path/Frameworks";
				"LD_RUNPATH_SEARCH_PATHS[sdk=macosx*]" = "@executable_path/../Frameworks";
				MACOSX_DEPLOYMENT_TARGET = 14.0;
				MARKETING_VERSION = 1.0;
				PRODUCT_BUNDLE_IDENTIFIER = kilmer.DigioStore;
				PRODUCT_NAME = "$(TARGET_NAME)";
				SDKROOT = auto;
				SUPPORTED_PLATFORMS = "iphoneos iphonesimulator macosx";
				SWIFT_EMIT_LOC_STRINGS = YES;
				SWIFT_VERSION = 4.2;
				TARGETED_DEVICE_FAMILY = "1,2";
			};
			name = Release;
		};
/* End XCBuildConfiguration section */

/* Begin XCConfigurationList section */
		432872F62C8A1D7200E73EF9 /* Build configuration list for PBXNativeTarget "DigioStoreTests" */ = {
			isa = XCConfigurationList;
			buildConfigurations = (
				432872F72C8A1D7200E73EF9 /* Debug */,
				432872F82C8A1D7200E73EF9 /* Release */,
			);
			defaultConfigurationIsVisible = 0;
			defaultConfigurationName = Release;
		};
		4334A3572C89E85F005FE4E7 /* Build configuration list for PBXProject "DigioStore" */ = {
			isa = XCConfigurationList;
			buildConfigurations = (
				4334A3692C89E860005FE4E7 /* Debug */,
				4334A36A2C89E860005FE4E7 /* Release */,
			);
			defaultConfigurationIsVisible = 0;
			defaultConfigurationName = Release;
		};
		4334A36B2C89E860005FE4E7 /* Build configuration list for PBXNativeTarget "DigioStore" */ = {
			isa = XCConfigurationList;
			buildConfigurations = (
				4334A36C2C89E860005FE4E7 /* Debug */,
				4334A36D2C89E860005FE4E7 /* Release */,
			);
			defaultConfigurationIsVisible = 0;
			defaultConfigurationName = Release;
		};
/* End XCConfigurationList section */
	};
	rootObject = 4334A3542C89E85F005FE4E7 /* Project object */;
}
